
Microsoft Visual Studio Solution File, Format Version 12.00
# Visual Studio Version 16
VisualStudioVersion = 16.0.29728.190
MinimumVisualStudioVersion = 10.0.40219.1
Project("{9A19103F-16F7-4668-BE54-9A1E7A4F7556}") = "e-me.Mvc", "e-me.Mvc\e-me.Mvc.csproj", "{91D4106B-92AE-445D-8C84-AD12156E9B4A}"
EndProject
Project("{9A19103F-16F7-4668-BE54-9A1E7A4F7556}") = "e-me.Model", "e-me.Model\e-me.Model.csproj", "{94A6660D-290C-406F-9AC4-761423720032}"
EndProject
Project("{9A19103F-16F7-4668-BE54-9A1E7A4F7556}") = "e-me.Core", "e-me.Core\e-me.Core.csproj", "{35EAB6B1-FDFE-41E0-AC33-0F10C82CE742}"
EndProject
Project("{9A19103F-16F7-4668-BE54-9A1E7A4F7556}") = "e-me.Runner", "e-me.Runner\e-me.Runner.csproj", "{6BAA20CC-C335-4B35-B488-98089AEF96CB}"
EndProject
Project("{9A19103F-16F7-4668-BE54-9A1E7A4F7556}") = "e-me.Business", "e-me.Business\e-me.Business.csproj", "{C6CAB737-9F2B-47AA-A79C-CA0FB32CF8F4}"
EndProject
Project("{2150E333-8FDC-42A3-9474-1A3956D46DE8}") = "Mobile", "Mobile", "{66D6379D-52EC-4476-A814-C158546A2D35}"
EndProject
Project("{FAE04EC0-301F-11D3-BF4B-00C04F79EFBC}") = "e_me.Mobile.Android", "e-me.Mobile\Android\e_me.Mobile.Android.csproj", "{C8454874-C544-4C03-87D3-44E7E7CF9ED7}"
EndProject
Project("{FAE04EC0-301F-11D3-BF4B-00C04F79EFBC}") = "e_me.Mobile.iOS", "e-me.Mobile\iOS\e_me.Mobile.iOS.csproj", "{F3E98041-D890-4E1C-A8BD-4BDED3B1B6F5}"
EndProject
Project("{FAE04EC0-301F-11D3-BF4B-00C04F79EFBC}") = "e_me.Mobile.Portable", "e-me.Mobile\Portable\e_me.Mobile.Portable.csproj", "{EA7FE724-EEE3-496A-8A71-93B6C9C5D8D6}"
EndProject
Global
	GlobalSection(SolutionConfigurationPlatforms) = preSolution
		Ad-Hoc|Any CPU = Ad-Hoc|Any CPU
		Ad-Hoc|iPhone = Ad-Hoc|iPhone
		Ad-Hoc|iPhoneSimulator = Ad-Hoc|iPhoneSimulator
		AppStore|Any CPU = AppStore|Any CPU
		AppStore|iPhone = AppStore|iPhone
		AppStore|iPhoneSimulator = AppStore|iPhoneSimulator
		Debug|Any CPU = Debug|Any CPU
		Debug|iPhone = Debug|iPhone
		Debug|iPhoneSimulator = Debug|iPhoneSimulator
		Release|Any CPU = Release|Any CPU
		Release|iPhone = Release|iPhone
		Release|iPhoneSimulator = Release|iPhoneSimulator
	EndGlobalSection
	GlobalSection(ProjectConfigurationPlatforms) = postSolution
		{91D4106B-92AE-445D-8C84-AD12156E9B4A}.Ad-Hoc|Any CPU.ActiveCfg = Release|Any CPU
		{91D4106B-92AE-445D-8C84-AD12156E9B4A}.Ad-Hoc|Any CPU.Build.0 = Release|Any CPU
		{91D4106B-92AE-445D-8C84-AD12156E9B4A}.Ad-Hoc|iPhone.ActiveCfg = Release|Any CPU
		{91D4106B-92AE-445D-8C84-AD12156E9B4A}.Ad-Hoc|iPhone.Build.0 = Release|Any CPU
		{91D4106B-92AE-445D-8C84-AD12156E9B4A}.Ad-Hoc|iPhoneSimulator.ActiveCfg = Release|Any CPU
		{91D4106B-92AE-445D-8C84-AD12156E9B4A}.Ad-Hoc|iPhoneSimulator.Build.0 = Release|Any CPU
		{91D4106B-92AE-445D-8C84-AD12156E9B4A}.AppStore|Any CPU.ActiveCfg = Release|Any CPU
		{91D4106B-92AE-445D-8C84-AD12156E9B4A}.AppStore|Any CPU.Build.0 = Release|Any CPU
		{91D4106B-92AE-445D-8C84-AD12156E9B4A}.AppStore|iPhone.ActiveCfg = Release|Any CPU
		{91D4106B-92AE-445D-8C84-AD12156E9B4A}.AppStore|iPhone.Build.0 = Release|Any CPU
		{91D4106B-92AE-445D-8C84-AD12156E9B4A}.AppStore|iPhoneSimulator.ActiveCfg = Release|Any CPU
		{91D4106B-92AE-445D-8C84-AD12156E9B4A}.AppStore|iPhoneSimulator.Build.0 = Release|Any CPU
		{91D4106B-92AE-445D-8C84-AD12156E9B4A}.Debug|Any CPU.ActiveCfg = Debug|Any CPU
		{91D4106B-92AE-445D-8C84-AD12156E9B4A}.Debug|Any CPU.Build.0 = Debug|Any CPU
		{91D4106B-92AE-445D-8C84-AD12156E9B4A}.Debug|iPhone.ActiveCfg = Debug|Any CPU
		{91D4106B-92AE-445D-8C84-AD12156E9B4A}.Debug|iPhone.Build.0 = Debug|Any CPU
		{91D4106B-92AE-445D-8C84-AD12156E9B4A}.Debug|iPhoneSimulator.ActiveCfg = Debug|Any CPU
		{91D4106B-92AE-445D-8C84-AD12156E9B4A}.Debug|iPhoneSimulator.Build.0 = Debug|Any CPU
		{91D4106B-92AE-445D-8C84-AD12156E9B4A}.Release|Any CPU.ActiveCfg = Release|Any CPU
		{91D4106B-92AE-445D-8C84-AD12156E9B4A}.Release|Any CPU.Build.0 = Release|Any CPU
		{91D4106B-92AE-445D-8C84-AD12156E9B4A}.Release|iPhone.ActiveCfg = Release|Any CPU
		{91D4106B-92AE-445D-8C84-AD12156E9B4A}.Release|iPhone.Build.0 = Release|Any CPU
		{91D4106B-92AE-445D-8C84-AD12156E9B4A}.Release|iPhoneSimulator.ActiveCfg = Release|Any CPU
		{91D4106B-92AE-445D-8C84-AD12156E9B4A}.Release|iPhoneSimulator.Build.0 = Release|Any CPU
		{94A6660D-290C-406F-9AC4-761423720032}.Ad-Hoc|Any CPU.ActiveCfg = Release|Any CPU
		{94A6660D-290C-406F-9AC4-761423720032}.Ad-Hoc|Any CPU.Build.0 = Release|Any CPU
		{94A6660D-290C-406F-9AC4-761423720032}.Ad-Hoc|iPhone.ActiveCfg = Release|Any CPU
		{94A6660D-290C-406F-9AC4-761423720032}.Ad-Hoc|iPhone.Build.0 = Release|Any CPU
		{94A6660D-290C-406F-9AC4-761423720032}.Ad-Hoc|iPhoneSimulator.ActiveCfg = Release|Any CPU
		{94A6660D-290C-406F-9AC4-761423720032}.Ad-Hoc|iPhoneSimulator.Build.0 = Release|Any CPU
		{94A6660D-290C-406F-9AC4-761423720032}.AppStore|Any CPU.ActiveCfg = Release|Any CPU
		{94A6660D-290C-406F-9AC4-761423720032}.AppStore|Any CPU.Build.0 = Release|Any CPU
		{94A6660D-290C-406F-9AC4-761423720032}.AppStore|iPhone.ActiveCfg = Release|Any CPU
		{94A6660D-290C-406F-9AC4-761423720032}.AppStore|iPhone.Build.0 = Release|Any CPU
		{94A6660D-290C-406F-9AC4-761423720032}.AppStore|iPhoneSimulator.ActiveCfg = Release|Any CPU
		{94A6660D-290C-406F-9AC4-761423720032}.AppStore|iPhoneSimulator.Build.0 = Release|Any CPU
		{94A6660D-290C-406F-9AC4-761423720032}.Debug|Any CPU.ActiveCfg = Debug|Any CPU
		{94A6660D-290C-406F-9AC4-761423720032}.Debug|Any CPU.Build.0 = Debug|Any CPU
		{94A6660D-290C-406F-9AC4-761423720032}.Debug|iPhone.ActiveCfg = Debug|Any CPU
		{94A6660D-290C-406F-9AC4-761423720032}.Debug|iPhone.Build.0 = Debug|Any CPU
		{94A6660D-290C-406F-9AC4-761423720032}.Debug|iPhoneSimulator.ActiveCfg = Debug|Any CPU
		{94A6660D-290C-406F-9AC4-761423720032}.Debug|iPhoneSimulator.Build.0 = Debug|Any CPU
		{94A6660D-290C-406F-9AC4-761423720032}.Release|Any CPU.ActiveCfg = Release|Any CPU
		{94A6660D-290C-406F-9AC4-761423720032}.Release|Any CPU.Build.0 = Release|Any CPU
		{94A6660D-290C-406F-9AC4-761423720032}.Release|iPhone.ActiveCfg = Release|Any CPU
		{94A6660D-290C-406F-9AC4-761423720032}.Release|iPhone.Build.0 = Release|Any CPU
		{94A6660D-290C-406F-9AC4-761423720032}.Release|iPhoneSimulator.ActiveCfg = Release|Any CPU
		{94A6660D-290C-406F-9AC4-761423720032}.Release|iPhoneSimulator.Build.0 = Release|Any CPU
		{35EAB6B1-FDFE-41E0-AC33-0F10C82CE742}.Ad-Hoc|Any CPU.ActiveCfg = Release|Any CPU
		{35EAB6B1-FDFE-41E0-AC33-0F10C82CE742}.Ad-Hoc|Any CPU.Build.0 = Release|Any CPU
		{35EAB6B1-FDFE-41E0-AC33-0F10C82CE742}.Ad-Hoc|iPhone.ActiveCfg = Release|Any CPU
		{35EAB6B1-FDFE-41E0-AC33-0F10C82CE742}.Ad-Hoc|iPhone.Build.0 = Release|Any CPU
		{35EAB6B1-FDFE-41E0-AC33-0F10C82CE742}.Ad-Hoc|iPhoneSimulator.ActiveCfg = Release|Any CPU
		{35EAB6B1-FDFE-41E0-AC33-0F10C82CE742}.Ad-Hoc|iPhoneSimulator.Build.0 = Release|Any CPU
		{35EAB6B1-FDFE-41E0-AC33-0F10C82CE742}.AppStore|Any CPU.ActiveCfg = Release|Any CPU
		{35EAB6B1-FDFE-41E0-AC33-0F10C82CE742}.AppStore|Any CPU.Build.0 = Release|Any CPU
		{35EAB6B1-FDFE-41E0-AC33-0F10C82CE742}.AppStore|iPhone.ActiveCfg = Release|Any CPU
		{35EAB6B1-FDFE-41E0-AC33-0F10C82CE742}.AppStore|iPhone.Build.0 = Release|Any CPU
		{35EAB6B1-FDFE-41E0-AC33-0F10C82CE742}.AppStore|iPhoneSimulator.ActiveCfg = Release|Any CPU
		{35EAB6B1-FDFE-41E0-AC33-0F10C82CE742}.AppStore|iPhoneSimulator.Build.0 = Release|Any CPU
		{35EAB6B1-FDFE-41E0-AC33-0F10C82CE742}.Debug|Any CPU.ActiveCfg = Debug|Any CPU
		{35EAB6B1-FDFE-41E0-AC33-0F10C82CE742}.Debug|Any CPU.Build.0 = Debug|Any CPU
		{35EAB6B1-FDFE-41E0-AC33-0F10C82CE742}.Debug|iPhone.ActiveCfg = Debug|Any CPU
		{35EAB6B1-FDFE-41E0-AC33-0F10C82CE742}.Debug|iPhone.Build.0 = Debug|Any CPU
		{35EAB6B1-FDFE-41E0-AC33-0F10C82CE742}.Debug|iPhoneSimulator.ActiveCfg = Debug|Any CPU
		{35EAB6B1-FDFE-41E0-AC33-0F10C82CE742}.Debug|iPhoneSimulator.Build.0 = Debug|Any CPU
		{35EAB6B1-FDFE-41E0-AC33-0F10C82CE742}.Release|Any CPU.ActiveCfg = Release|Any CPU
		{35EAB6B1-FDFE-41E0-AC33-0F10C82CE742}.Release|Any CPU.Build.0 = Release|Any CPU
		{35EAB6B1-FDFE-41E0-AC33-0F10C82CE742}.Release|iPhone.ActiveCfg = Release|Any CPU
		{35EAB6B1-FDFE-41E0-AC33-0F10C82CE742}.Release|iPhone.Build.0 = Release|Any CPU
		{35EAB6B1-FDFE-41E0-AC33-0F10C82CE742}.Release|iPhoneSimulator.ActiveCfg = Release|Any CPU
		{35EAB6B1-FDFE-41E0-AC33-0F10C82CE742}.Release|iPhoneSimulator.Build.0 = Release|Any CPU
		{6BAA20CC-C335-4B35-B488-98089AEF96CB}.Ad-Hoc|Any CPU.ActiveCfg = Release|Any CPU
		{6BAA20CC-C335-4B35-B488-98089AEF96CB}.Ad-Hoc|Any CPU.Build.0 = Release|Any CPU
		{6BAA20CC-C335-4B35-B488-98089AEF96CB}.Ad-Hoc|iPhone.ActiveCfg = Release|Any CPU
		{6BAA20CC-C335-4B35-B488-98089AEF96CB}.Ad-Hoc|iPhone.Build.0 = Release|Any CPU
		{6BAA20CC-C335-4B35-B488-98089AEF96CB}.Ad-Hoc|iPhoneSimulator.ActiveCfg = Release|Any CPU
		{6BAA20CC-C335-4B35-B488-98089AEF96CB}.Ad-Hoc|iPhoneSimulator.Build.0 = Release|Any CPU
		{6BAA20CC-C335-4B35-B488-98089AEF96CB}.AppStore|Any CPU.ActiveCfg = Release|Any CPU
		{6BAA20CC-C335-4B35-B488-98089AEF96CB}.AppStore|Any CPU.Build.0 = Release|Any CPU
		{6BAA20CC-C335-4B35-B488-98089AEF96CB}.AppStore|iPhone.ActiveCfg = Release|Any CPU
		{6BAA20CC-C335-4B35-B488-98089AEF96CB}.AppStore|iPhone.Build.0 = Release|Any CPU
		{6BAA20CC-C335-4B35-B488-98089AEF96CB}.AppStore|iPhoneSimulator.ActiveCfg = Release|Any CPU
		{6BAA20CC-C335-4B35-B488-98089AEF96CB}.AppStore|iPhoneSimulator.Build.0 = Release|Any CPU
		{6BAA20CC-C335-4B35-B488-98089AEF96CB}.Debug|Any CPU.ActiveCfg = Debug|Any CPU
		{6BAA20CC-C335-4B35-B488-98089AEF96CB}.Debug|Any CPU.Build.0 = Debug|Any CPU
		{6BAA20CC-C335-4B35-B488-98089AEF96CB}.Debug|iPhone.ActiveCfg = Debug|Any CPU
		{6BAA20CC-C335-4B35-B488-98089AEF96CB}.Debug|iPhone.Build.0 = Debug|Any CPU
		{6BAA20CC-C335-4B35-B488-98089AEF96CB}.Debug|iPhoneSimulator.ActiveCfg = Debug|Any CPU
		{6BAA20CC-C335-4B35-B488-98089AEF96CB}.Debug|iPhoneSimulator.Build.0 = Debug|Any CPU
		{6BAA20CC-C335-4B35-B488-98089AEF96CB}.Release|Any CPU.ActiveCfg = Release|Any CPU
		{6BAA20CC-C335-4B35-B488-98089AEF96CB}.Release|Any CPU.Build.0 = Release|Any CPU
		{6BAA20CC-C335-4B35-B488-98089AEF96CB}.Release|iPhone.ActiveCfg = Release|Any CPU
		{6BAA20CC-C335-4B35-B488-98089AEF96CB}.Release|iPhone.Build.0 = Release|Any CPU
		{6BAA20CC-C335-4B35-B488-98089AEF96CB}.Release|iPhoneSimulator.ActiveCfg = Release|Any CPU
		{6BAA20CC-C335-4B35-B488-98089AEF96CB}.Release|iPhoneSimulator.Build.0 = Release|Any CPU
		{C6CAB737-9F2B-47AA-A79C-CA0FB32CF8F4}.Ad-Hoc|Any CPU.ActiveCfg = Release|Any CPU
		{C6CAB737-9F2B-47AA-A79C-CA0FB32CF8F4}.Ad-Hoc|Any CPU.Build.0 = Release|Any CPU
		{C6CAB737-9F2B-47AA-A79C-CA0FB32CF8F4}.Ad-Hoc|iPhone.ActiveCfg = Release|Any CPU
		{C6CAB737-9F2B-47AA-A79C-CA0FB32CF8F4}.Ad-Hoc|iPhone.Build.0 = Release|Any CPU
		{C6CAB737-9F2B-47AA-A79C-CA0FB32CF8F4}.Ad-Hoc|iPhoneSimulator.ActiveCfg = Release|Any CPU
		{C6CAB737-9F2B-47AA-A79C-CA0FB32CF8F4}.Ad-Hoc|iPhoneSimulator.Build.0 = Release|Any CPU
		{C6CAB737-9F2B-47AA-A79C-CA0FB32CF8F4}.AppStore|Any CPU.ActiveCfg = Release|Any CPU
		{C6CAB737-9F2B-47AA-A79C-CA0FB32CF8F4}.AppStore|Any CPU.Build.0 = Release|Any CPU
		{C6CAB737-9F2B-47AA-A79C-CA0FB32CF8F4}.AppStore|iPhone.ActiveCfg = Release|Any CPU
		{C6CAB737-9F2B-47AA-A79C-CA0FB32CF8F4}.AppStore|iPhone.Build.0 = Release|Any CPU
		{C6CAB737-9F2B-47AA-A79C-CA0FB32CF8F4}.AppStore|iPhoneSimulator.ActiveCfg = Release|Any CPU
		{C6CAB737-9F2B-47AA-A79C-CA0FB32CF8F4}.AppStore|iPhoneSimulator.Build.0 = Release|Any CPU
		{C6CAB737-9F2B-47AA-A79C-CA0FB32CF8F4}.Debug|Any CPU.ActiveCfg = Debug|Any CPU
		{C6CAB737-9F2B-47AA-A79C-CA0FB32CF8F4}.Debug|Any CPU.Build.0 = Debug|Any CPU
		{C6CAB737-9F2B-47AA-A79C-CA0FB32CF8F4}.Debug|iPhone.ActiveCfg = Debug|Any CPU
		{C6CAB737-9F2B-47AA-A79C-CA0FB32CF8F4}.Debug|iPhone.Build.0 = Debug|Any CPU
		{C6CAB737-9F2B-47AA-A79C-CA0FB32CF8F4}.Debug|iPhoneSimulator.ActiveCfg = Debug|Any CPU
		{C6CAB737-9F2B-47AA-A79C-CA0FB32CF8F4}.Debug|iPhoneSimulator.Build.0 = Debug|Any CPU
		{C6CAB737-9F2B-47AA-A79C-CA0FB32CF8F4}.Release|Any CPU.ActiveCfg = Release|Any CPU
		{C6CAB737-9F2B-47AA-A79C-CA0FB32CF8F4}.Release|Any CPU.Build.0 = Release|Any CPU
		{C6CAB737-9F2B-47AA-A79C-CA0FB32CF8F4}.Release|iPhone.ActiveCfg = Release|Any CPU
		{C6CAB737-9F2B-47AA-A79C-CA0FB32CF8F4}.Release|iPhone.Build.0 = Release|Any CPU
		{C6CAB737-9F2B-47AA-A79C-CA0FB32CF8F4}.Release|iPhoneSimulator.ActiveCfg = Release|Any CPU
		{C6CAB737-9F2B-47AA-A79C-CA0FB32CF8F4}.Release|iPhoneSimulator.Build.0 = Release|Any CPU
		{C8454874-C544-4C03-87D3-44E7E7CF9ED7}.Ad-Hoc|Any CPU.ActiveCfg = Debug|Any CPU
		{C8454874-C544-4C03-87D3-44E7E7CF9ED7}.Ad-Hoc|Any CPU.Build.0 = Debug|Any CPU
		{C8454874-C544-4C03-87D3-44E7E7CF9ED7}.Ad-Hoc|Any CPU.Deploy.0 = Debug|Any CPU
		{C8454874-C544-4C03-87D3-44E7E7CF9ED7}.Ad-Hoc|iPhone.ActiveCfg = Debug|Any CPU
		{C8454874-C544-4C03-87D3-44E7E7CF9ED7}.Ad-Hoc|iPhone.Build.0 = Debug|Any CPU
		{C8454874-C544-4C03-87D3-44E7E7CF9ED7}.Ad-Hoc|iPhone.Deploy.0 = Debug|Any CPU
		{C8454874-C544-4C03-87D3-44E7E7CF9ED7}.Ad-Hoc|iPhoneSimulator.ActiveCfg = Debug|Any CPU
		{C8454874-C544-4C03-87D3-44E7E7CF9ED7}.Ad-Hoc|iPhoneSimulator.Build.0 = Debug|Any CPU
		{C8454874-C544-4C03-87D3-44E7E7CF9ED7}.Ad-Hoc|iPhoneSimulator.Deploy.0 = Debug|Any CPU
		{C8454874-C544-4C03-87D3-44E7E7CF9ED7}.AppStore|Any CPU.ActiveCfg = Debug|Any CPU
		{C8454874-C544-4C03-87D3-44E7E7CF9ED7}.AppStore|Any CPU.Build.0 = Debug|Any CPU
		{C8454874-C544-4C03-87D3-44E7E7CF9ED7}.AppStore|Any CPU.Deploy.0 = Debug|Any CPU
		{C8454874-C544-4C03-87D3-44E7E7CF9ED7}.AppStore|iPhone.ActiveCfg = Debug|Any CPU
		{C8454874-C544-4C03-87D3-44E7E7CF9ED7}.AppStore|iPhone.Build.0 = Debug|Any CPU
		{C8454874-C544-4C03-87D3-44E7E7CF9ED7}.AppStore|iPhone.Deploy.0 = Debug|Any CPU
		{C8454874-C544-4C03-87D3-44E7E7CF9ED7}.AppStore|iPhoneSimulator.ActiveCfg = Debug|Any CPU
		{C8454874-C544-4C03-87D3-44E7E7CF9ED7}.AppStore|iPhoneSimulator.Build.0 = Debug|Any CPU
		{C8454874-C544-4C03-87D3-44E7E7CF9ED7}.AppStore|iPhoneSimulator.Deploy.0 = Debug|Any CPU
		{C8454874-C544-4C03-87D3-44E7E7CF9ED7}.Debug|Any CPU.ActiveCfg = Debug|Any CPU
		{C8454874-C544-4C03-87D3-44E7E7CF9ED7}.Debug|Any CPU.Build.0 = Debug|Any CPU
		{C8454874-C544-4C03-87D3-44E7E7CF9ED7}.Debug|Any CPU.Deploy.0 = Debug|Any CPU
		{C8454874-C544-4C03-87D3-44E7E7CF9ED7}.Debug|iPhone.ActiveCfg = Debug|Any CPU
		{C8454874-C544-4C03-87D3-44E7E7CF9ED7}.Debug|iPhone.Build.0 = Debug|Any CPU
		{C8454874-C544-4C03-87D3-44E7E7CF9ED7}.Debug|iPhone.Deploy.0 = Debug|Any CPU
		{C8454874-C544-4C03-87D3-44E7E7CF9ED7}.Debug|iPhoneSimulator.ActiveCfg = Debug|Any CPU
		{C8454874-C544-4C03-87D3-44E7E7CF9ED7}.Debug|iPhoneSimulator.Build.0 = Debug|Any CPU
		{C8454874-C544-4C03-87D3-44E7E7CF9ED7}.Debug|iPhoneSimulator.Deploy.0 = Debug|Any CPU
		{C8454874-C544-4C03-87D3-44E7E7CF9ED7}.Release|Any CPU.ActiveCfg = Release|Any CPU
		{C8454874-C544-4C03-87D3-44E7E7CF9ED7}.Release|Any CPU.Build.0 = Release|Any CPU
		{C8454874-C544-4C03-87D3-44E7E7CF9ED7}.Release|Any CPU.Deploy.0 = Release|Any CPU
		{C8454874-C544-4C03-87D3-44E7E7CF9ED7}.Release|iPhone.ActiveCfg = Release|Any CPU
		{C8454874-C544-4C03-87D3-44E7E7CF9ED7}.Release|iPhone.Build.0 = Release|Any CPU
		{C8454874-C544-4C03-87D3-44E7E7CF9ED7}.Release|iPhone.Deploy.0 = Release|Any CPU
		{C8454874-C544-4C03-87D3-44E7E7CF9ED7}.Release|iPhoneSimulator.ActiveCfg = Release|Any CPU
		{C8454874-C544-4C03-87D3-44E7E7CF9ED7}.Release|iPhoneSimulator.Build.0 = Release|Any CPU
		{C8454874-C544-4C03-87D3-44E7E7CF9ED7}.Release|iPhoneSimulator.Deploy.0 = Release|Any CPU
		{F3E98041-D890-4E1C-A8BD-4BDED3B1B6F5}.Ad-Hoc|Any CPU.ActiveCfg = Ad-Hoc|iPhoneSimulator
		{F3E98041-D890-4E1C-A8BD-4BDED3B1B6F5}.Ad-Hoc|iPhone.ActiveCfg = Ad-Hoc|iPhone
		{F3E98041-D890-4E1C-A8BD-4BDED3B1B6F5}.Ad-Hoc|iPhone.Build.0 = Ad-Hoc|iPhone
		{F3E98041-D890-4E1C-A8BD-4BDED3B1B6F5}.Ad-Hoc|iPhoneSimulator.ActiveCfg = Ad-Hoc|iPhoneSimulator
		{F3E98041-D890-4E1C-A8BD-4BDED3B1B6F5}.Ad-Hoc|iPhoneSimulator.Build.0 = Ad-Hoc|iPhoneSimulator
		{F3E98041-D890-4E1C-A8BD-4BDED3B1B6F5}.AppStore|Any CPU.ActiveCfg = AppStore|iPhoneSimulator
		{F3E98041-D890-4E1C-A8BD-4BDED3B1B6F5}.AppStore|iPhone.ActiveCfg = AppStore|iPhone
		{F3E98041-D890-4E1C-A8BD-4BDED3B1B6F5}.AppStore|iPhone.Build.0 = AppStore|iPhone
		{F3E98041-D890-4E1C-A8BD-4BDED3B1B6F5}.AppStore|iPhoneSimulator.ActiveCfg = AppStore|iPhoneSimulator
		{F3E98041-D890-4E1C-A8BD-4BDED3B1B6F5}.AppStore|iPhoneSimulator.Build.0 = AppStore|iPhoneSimulator
		{F3E98041-D890-4E1C-A8BD-4BDED3B1B6F5}.Debug|Any CPU.ActiveCfg = Debug|iPhoneSimulator
		{F3E98041-D890-4E1C-A8BD-4BDED3B1B6F5}.Debug|iPhone.ActiveCfg = Debug|iPhone
		{F3E98041-D890-4E1C-A8BD-4BDED3B1B6F5}.Debug|iPhone.Build.0 = Debug|iPhone
		{F3E98041-D890-4E1C-A8BD-4BDED3B1B6F5}.Debug|iPhoneSimulator.ActiveCfg = Debug|iPhoneSimulator
		{F3E98041-D890-4E1C-A8BD-4BDED3B1B6F5}.Debug|iPhoneSimulator.Build.0 = Debug|iPhoneSimulator
		{F3E98041-D890-4E1C-A8BD-4BDED3B1B6F5}.Release|Any CPU.ActiveCfg = Release|iPhoneSimulator
		{F3E98041-D890-4E1C-A8BD-4BDED3B1B6F5}.Release|iPhone.ActiveCfg = Release|iPhone
		{F3E98041-D890-4E1C-A8BD-4BDED3B1B6F5}.Release|iPhone.Build.0 = Release|iPhone
		{F3E98041-D890-4E1C-A8BD-4BDED3B1B6F5}.Release|iPhoneSimulator.ActiveCfg = Release|iPhoneSimulator
		{F3E98041-D890-4E1C-A8BD-4BDED3B1B6F5}.Release|iPhoneSimulator.Build.0 = Release|iPhoneSimulator
		{EA7FE724-EEE3-496A-8A71-93B6C9C5D8D6}.Ad-Hoc|Any CPU.ActiveCfg = Debug|Any CPU
		{EA7FE724-EEE3-496A-8A71-93B6C9C5D8D6}.Ad-Hoc|Any CPU.Build.0 = Debug|Any CPU
		{EA7FE724-EEE3-496A-8A71-93B6C9C5D8D6}.Ad-Hoc|iPhone.ActiveCfg = Debug|Any CPU
		{EA7FE724-EEE3-496A-8A71-93B6C9C5D8D6}.Ad-Hoc|iPhone.Build.0 = Debug|Any CPU
		{EA7FE724-EEE3-496A-8A71-93B6C9C5D8D6}.Ad-Hoc|iPhoneSimulator.ActiveCfg = Debug|Any CPU
		{EA7FE724-EEE3-496A-8A71-93B6C9C5D8D6}.Ad-Hoc|iPhoneSimulator.Build.0 = Debug|Any CPU
		{EA7FE724-EEE3-496A-8A71-93B6C9C5D8D6}.AppStore|Any CPU.ActiveCfg = Debug|Any CPU
		{EA7FE724-EEE3-496A-8A71-93B6C9C5D8D6}.AppStore|Any CPU.Build.0 = Debug|Any CPU
		{EA7FE724-EEE3-496A-8A71-93B6C9C5D8D6}.AppStore|iPhone.ActiveCfg = Debug|Any CPU
		{EA7FE724-EEE3-496A-8A71-93B6C9C5D8D6}.AppStore|iPhone.Build.0 = Debug|Any CPU
		{EA7FE724-EEE3-496A-8A71-93B6C9C5D8D6}.AppStore|iPhoneSimulator.ActiveCfg = Debug|Any CPU
		{EA7FE724-EEE3-496A-8A71-93B6C9C5D8D6}.AppStore|iPhoneSimulator.Build.0 = Debug|Any CPU
		{EA7FE724-EEE3-496A-8A71-93B6C9C5D8D6}.Debug|Any CPU.ActiveCfg = Debug|Any CPU
		{EA7FE724-EEE3-496A-8A71-93B6C9C5D8D6}.Debug|Any CPU.Build.0 = Debug|Any CPU
		{EA7FE724-EEE3-496A-8A71-93B6C9C5D8D6}.Debug|iPhone.ActiveCfg = Debug|Any CPU
		{EA7FE724-EEE3-496A-8A71-93B6C9C5D8D6}.Debug|iPhone.Build.0 = Debug|Any CPU
		{EA7FE724-EEE3-496A-8A71-93B6C9C5D8D6}.Debug|iPhoneSimulator.ActiveCfg = Debug|Any CPU
		{EA7FE724-EEE3-496A-8A71-93B6C9C5D8D6}.Debug|iPhoneSimulator.Build.0 = Debug|Any CPU
		{EA7FE724-EEE3-496A-8A71-93B6C9C5D8D6}.Release|Any CPU.ActiveCfg = Release|Any CPU
		{EA7FE724-EEE3-496A-8A71-93B6C9C5D8D6}.Release|Any CPU.Build.0 = Release|Any CPU
		{EA7FE724-EEE3-496A-8A71-93B6C9C5D8D6}.Release|iPhone.ActiveCfg = Release|Any CPU
		{EA7FE724-EEE3-496A-8A71-93B6C9C5D8D6}.Release|iPhone.Build.0 = Release|Any CPU
		{EA7FE724-EEE3-496A-8A71-93B6C9C5D8D6}.Release|iPhoneSimulator.ActiveCfg = Release|Any CPU
		{EA7FE724-EEE3-496A-8A71-93B6C9C5D8D6}.Release|iPhoneSimulator.Build.0 = Release|Any CPU
	EndGlobalSection
	GlobalSection(SolutionProperties) = preSolution
		HideSolutionNode = FALSE
	EndGlobalSection
	GlobalSection(NestedProjects) = preSolution
		{C8454874-C544-4C03-87D3-44E7E7CF9ED7} = {66D6379D-52EC-4476-A814-C158546A2D35}
		{F3E98041-D890-4E1C-A8BD-4BDED3B1B6F5} = {66D6379D-52EC-4476-A814-C158546A2D35}
		{EA7FE724-EEE3-496A-8A71-93B6C9C5D8D6} = {66D6379D-52EC-4476-A814-C158546A2D35}
	EndGlobalSection
	GlobalSection(ExtensibilityGlobals) = postSolution
		SolutionGuid = {E754D33B-BBD2-46AD-B0AE-A07E24969E7B}
	EndGlobalSection
EndGlobal
