
Microsoft Visual Studio Solution File, Format Version 12.00
# Visual Studio Version 16
VisualStudioVersion = 16.0.29728.190
MinimumVisualStudioVersion = 10.0.40219.1
Project("{9A19103F-16F7-4668-BE54-9A1E7A4F7556}") = "e-me.Mvc", "e-me.Mvc\e-me.Mvc.csproj", "{91D4106B-92AE-445D-8C84-AD12156E9B4A}"
EndProject
Project("{9A19103F-16F7-4668-BE54-9A1E7A4F7556}") = "e-me.Model", "e-me.Model\e-me.Model.csproj", "{94A6660D-290C-406F-9AC4-761423720032}"
EndProject
Project("{9A19103F-16F7-4668-BE54-9A1E7A4F7556}") = "e-me.Core", "e-me.Core\e-me.Core.csproj", "{35EAB6B1-FDFE-41E0-AC33-0F10C82CE742}"
EndProject
Project("{9A19103F-16F7-4668-BE54-9A1E7A4F7556}") = "e-me.Runner", "e-me.Runner\e-me.Runner.csproj", "{6BAA20CC-C335-4B35-B488-98089AEF96CB}"
EndProject
Project("{9A19103F-16F7-4668-BE54-9A1E7A4F7556}") = "e-me.Business", "e-me.Business\e-me.Business.csproj", "{C6CAB737-9F2B-47AA-A79C-CA0FB32CF8F4}"
EndProject
Project("{2150E333-8FDC-42A3-9474-1A3956D46DE8}") = "Mobile", "Mobile", "{6B48D859-90D9-43BE-91B7-1405E0A4C02D}"
EndProject
Project("{FAE04EC0-301F-11D3-BF4B-00C04F79EFBC}") = "e-me.Mobile.Android", "e-me.Mobile\e-me.Mobile.Android\e-me.Mobile.Android.csproj", "{06B47BF3-F92A-480F-BA43-FCCE8AE0C82B}"
EndProject
Project("{FAE04EC0-301F-11D3-BF4B-00C04F79EFBC}") = "e-me.Mobile.iOS", "e-me.Mobile\e-me.Mobile.iOS\e-me.Mobile.iOS.csproj", "{5D119EDC-7FD2-4EC9-903C-19AB7676DEC8}"
EndProject
Project("{FAE04EC0-301F-11D3-BF4B-00C04F79EFBC}") = "e-me.Mobile", "e-me.Mobile\e-me.Mobile\e-me.Mobile.csproj", "{2FEDB08D-181D-4C27-BC53-2A2CBD48D641}"
EndProject
Project("{FAE04EC0-301F-11D3-BF4B-00C04F79EFBC}") = "e-me.Shared", "e-me.Shared\e-me.Shared.csproj", "{5B6250DD-8BBB-4BA3-AF01-A445A1819561}"
EndProject
Global
	GlobalSection(SolutionConfigurationPlatforms) = preSolution
		Ad-Hoc|Any CPU = Ad-Hoc|Any CPU
		Ad-Hoc|iPhone = Ad-Hoc|iPhone
		Ad-Hoc|iPhoneSimulator = Ad-Hoc|iPhoneSimulator
		AppStore|Any CPU = AppStore|Any CPU
		AppStore|iPhone = AppStore|iPhone
		AppStore|iPhoneSimulator = AppStore|iPhoneSimulator
		Debug|Any CPU = Debug|Any CPU
		Debug|iPhone = Debug|iPhone
		Debug|iPhoneSimulator = Debug|iPhoneSimulator
		Release|Any CPU = Release|Any CPU
		Release|iPhone = Release|iPhone
		Release|iPhoneSimulator = Release|iPhoneSimulator
	EndGlobalSection
	GlobalSection(ProjectConfigurationPlatforms) = postSolution
		{91D4106B-92AE-445D-8C84-AD12156E9B4A}.Ad-Hoc|Any CPU.ActiveCfg = Release|Any CPU
		{91D4106B-92AE-445D-8C84-AD12156E9B4A}.Ad-Hoc|Any CPU.Build.0 = Release|Any CPU
		{91D4106B-92AE-445D-8C84-AD12156E9B4A}.Ad-Hoc|iPhone.ActiveCfg = Release|Any CPU
		{91D4106B-92AE-445D-8C84-AD12156E9B4A}.Ad-Hoc|iPhone.Build.0 = Release|Any CPU
		{91D4106B-92AE-445D-8C84-AD12156E9B4A}.Ad-Hoc|iPhoneSimulator.ActiveCfg = Release|Any CPU
		{91D4106B-92AE-445D-8C84-AD12156E9B4A}.Ad-Hoc|iPhoneSimulator.Build.0 = Release|Any CPU
		{91D4106B-92AE-445D-8C84-AD12156E9B4A}.AppStore|Any CPU.ActiveCfg = Release|Any CPU
		{91D4106B-92AE-445D-8C84-AD12156E9B4A}.AppStore|Any CPU.Build.0 = Release|Any CPU
		{91D4106B-92AE-445D-8C84-AD12156E9B4A}.AppStore|iPhone.ActiveCfg = Release|Any CPU
		{91D4106B-92AE-445D-8C84-AD12156E9B4A}.AppStore|iPhone.Build.0 = Release|Any CPU
		{91D4106B-92AE-445D-8C84-AD12156E9B4A}.AppStore|iPhoneSimulator.ActiveCfg = Release|Any CPU
		{91D4106B-92AE-445D-8C84-AD12156E9B4A}.AppStore|iPhoneSimulator.Build.0 = Release|Any CPU
		{91D4106B-92AE-445D-8C84-AD12156E9B4A}.Debug|Any CPU.ActiveCfg = Debug|Any CPU
		{91D4106B-92AE-445D-8C84-AD12156E9B4A}.Debug|Any CPU.Build.0 = Debug|Any CPU
		{91D4106B-92AE-445D-8C84-AD12156E9B4A}.Debug|iPhone.ActiveCfg = Debug|Any CPU
		{91D4106B-92AE-445D-8C84-AD12156E9B4A}.Debug|iPhone.Build.0 = Debug|Any CPU
		{91D4106B-92AE-445D-8C84-AD12156E9B4A}.Debug|iPhoneSimulator.ActiveCfg = Debug|Any CPU
		{91D4106B-92AE-445D-8C84-AD12156E9B4A}.Debug|iPhoneSimulator.Build.0 = Debug|Any CPU
		{91D4106B-92AE-445D-8C84-AD12156E9B4A}.Release|Any CPU.ActiveCfg = Release|Any CPU
		{91D4106B-92AE-445D-8C84-AD12156E9B4A}.Release|Any CPU.Build.0 = Release|Any CPU
		{91D4106B-92AE-445D-8C84-AD12156E9B4A}.Release|iPhone.ActiveCfg = Release|Any CPU
		{91D4106B-92AE-445D-8C84-AD12156E9B4A}.Release|iPhone.Build.0 = Release|Any CPU
		{91D4106B-92AE-445D-8C84-AD12156E9B4A}.Release|iPhoneSimulator.ActiveCfg = Release|Any CPU
		{91D4106B-92AE-445D-8C84-AD12156E9B4A}.Release|iPhoneSimulator.Build.0 = Release|Any CPU
		{94A6660D-290C-406F-9AC4-761423720032}.Ad-Hoc|Any CPU.ActiveCfg = Release|Any CPU
		{94A6660D-290C-406F-9AC4-761423720032}.Ad-Hoc|Any CPU.Build.0 = Release|Any CPU
		{94A6660D-290C-406F-9AC4-761423720032}.Ad-Hoc|iPhone.ActiveCfg = Release|Any CPU
		{94A6660D-290C-406F-9AC4-761423720032}.Ad-Hoc|iPhone.Build.0 = Release|Any CPU
		{94A6660D-290C-406F-9AC4-761423720032}.Ad-Hoc|iPhoneSimulator.ActiveCfg = Release|Any CPU
		{94A6660D-290C-406F-9AC4-761423720032}.Ad-Hoc|iPhoneSimulator.Build.0 = Release|Any CPU
		{94A6660D-290C-406F-9AC4-761423720032}.AppStore|Any CPU.ActiveCfg = Release|Any CPU
		{94A6660D-290C-406F-9AC4-761423720032}.AppStore|Any CPU.Build.0 = Release|Any CPU
		{94A6660D-290C-406F-9AC4-761423720032}.AppStore|iPhone.ActiveCfg = Release|Any CPU
		{94A6660D-290C-406F-9AC4-761423720032}.AppStore|iPhone.Build.0 = Release|Any CPU
		{94A6660D-290C-406F-9AC4-761423720032}.AppStore|iPhoneSimulator.ActiveCfg = Release|Any CPU
		{94A6660D-290C-406F-9AC4-761423720032}.AppStore|iPhoneSimulator.Build.0 = Release|Any CPU
		{94A6660D-290C-406F-9AC4-761423720032}.Debug|Any CPU.ActiveCfg = Debug|Any CPU
		{94A6660D-290C-406F-9AC4-761423720032}.Debug|Any CPU.Build.0 = Debug|Any CPU
		{94A6660D-290C-406F-9AC4-761423720032}.Debug|iPhone.ActiveCfg = Debug|Any CPU
		{94A6660D-290C-406F-9AC4-761423720032}.Debug|iPhone.Build.0 = Debug|Any CPU
		{94A6660D-290C-406F-9AC4-761423720032}.Debug|iPhoneSimulator.ActiveCfg = Debug|Any CPU
		{94A6660D-290C-406F-9AC4-761423720032}.Debug|iPhoneSimulator.Build.0 = Debug|Any CPU
		{94A6660D-290C-406F-9AC4-761423720032}.Release|Any CPU.ActiveCfg = Release|Any CPU
		{94A6660D-290C-406F-9AC4-761423720032}.Release|Any CPU.Build.0 = Release|Any CPU
		{94A6660D-290C-406F-9AC4-761423720032}.Release|iPhone.ActiveCfg = Release|Any CPU
		{94A6660D-290C-406F-9AC4-761423720032}.Release|iPhone.Build.0 = Release|Any CPU
		{94A6660D-290C-406F-9AC4-761423720032}.Release|iPhoneSimulator.ActiveCfg = Release|Any CPU
		{94A6660D-290C-406F-9AC4-761423720032}.Release|iPhoneSimulator.Build.0 = Release|Any CPU
		{35EAB6B1-FDFE-41E0-AC33-0F10C82CE742}.Ad-Hoc|Any CPU.ActiveCfg = Release|Any CPU
		{35EAB6B1-FDFE-41E0-AC33-0F10C82CE742}.Ad-Hoc|Any CPU.Build.0 = Release|Any CPU
		{35EAB6B1-FDFE-41E0-AC33-0F10C82CE742}.Ad-Hoc|iPhone.ActiveCfg = Release|Any CPU
		{35EAB6B1-FDFE-41E0-AC33-0F10C82CE742}.Ad-Hoc|iPhone.Build.0 = Release|Any CPU
		{35EAB6B1-FDFE-41E0-AC33-0F10C82CE742}.Ad-Hoc|iPhoneSimulator.ActiveCfg = Release|Any CPU
		{35EAB6B1-FDFE-41E0-AC33-0F10C82CE742}.Ad-Hoc|iPhoneSimulator.Build.0 = Release|Any CPU
		{35EAB6B1-FDFE-41E0-AC33-0F10C82CE742}.AppStore|Any CPU.ActiveCfg = Release|Any CPU
		{35EAB6B1-FDFE-41E0-AC33-0F10C82CE742}.AppStore|Any CPU.Build.0 = Release|Any CPU
		{35EAB6B1-FDFE-41E0-AC33-0F10C82CE742}.AppStore|iPhone.ActiveCfg = Release|Any CPU
		{35EAB6B1-FDFE-41E0-AC33-0F10C82CE742}.AppStore|iPhone.Build.0 = Release|Any CPU
		{35EAB6B1-FDFE-41E0-AC33-0F10C82CE742}.AppStore|iPhoneSimulator.ActiveCfg = Release|Any CPU
		{35EAB6B1-FDFE-41E0-AC33-0F10C82CE742}.AppStore|iPhoneSimulator.Build.0 = Release|Any CPU
		{35EAB6B1-FDFE-41E0-AC33-0F10C82CE742}.Debug|Any CPU.ActiveCfg = Debug|Any CPU
		{35EAB6B1-FDFE-41E0-AC33-0F10C82CE742}.Debug|Any CPU.Build.0 = Debug|Any CPU
		{35EAB6B1-FDFE-41E0-AC33-0F10C82CE742}.Debug|iPhone.ActiveCfg = Debug|Any CPU
		{35EAB6B1-FDFE-41E0-AC33-0F10C82CE742}.Debug|iPhone.Build.0 = Debug|Any CPU
		{35EAB6B1-FDFE-41E0-AC33-0F10C82CE742}.Debug|iPhoneSimulator.ActiveCfg = Debug|Any CPU
		{35EAB6B1-FDFE-41E0-AC33-0F10C82CE742}.Debug|iPhoneSimulator.Build.0 = Debug|Any CPU
		{35EAB6B1-FDFE-41E0-AC33-0F10C82CE742}.Release|Any CPU.ActiveCfg = Release|Any CPU
		{35EAB6B1-FDFE-41E0-AC33-0F10C82CE742}.Release|Any CPU.Build.0 = Release|Any CPU
		{35EAB6B1-FDFE-41E0-AC33-0F10C82CE742}.Release|iPhone.ActiveCfg = Release|Any CPU
		{35EAB6B1-FDFE-41E0-AC33-0F10C82CE742}.Release|iPhone.Build.0 = Release|Any CPU
		{35EAB6B1-FDFE-41E0-AC33-0F10C82CE742}.Release|iPhoneSimulator.ActiveCfg = Release|Any CPU
		{35EAB6B1-FDFE-41E0-AC33-0F10C82CE742}.Release|iPhoneSimulator.Build.0 = Release|Any CPU
		{6BAA20CC-C335-4B35-B488-98089AEF96CB}.Ad-Hoc|Any CPU.ActiveCfg = Release|Any CPU
		{6BAA20CC-C335-4B35-B488-98089AEF96CB}.Ad-Hoc|Any CPU.Build.0 = Release|Any CPU
		{6BAA20CC-C335-4B35-B488-98089AEF96CB}.Ad-Hoc|iPhone.ActiveCfg = Release|Any CPU
		{6BAA20CC-C335-4B35-B488-98089AEF96CB}.Ad-Hoc|iPhone.Build.0 = Release|Any CPU
		{6BAA20CC-C335-4B35-B488-98089AEF96CB}.Ad-Hoc|iPhoneSimulator.ActiveCfg = Release|Any CPU
		{6BAA20CC-C335-4B35-B488-98089AEF96CB}.Ad-Hoc|iPhoneSimulator.Build.0 = Release|Any CPU
		{6BAA20CC-C335-4B35-B488-98089AEF96CB}.AppStore|Any CPU.ActiveCfg = Release|Any CPU
		{6BAA20CC-C335-4B35-B488-98089AEF96CB}.AppStore|Any CPU.Build.0 = Release|Any CPU
		{6BAA20CC-C335-4B35-B488-98089AEF96CB}.AppStore|iPhone.ActiveCfg = Release|Any CPU
		{6BAA20CC-C335-4B35-B488-98089AEF96CB}.AppStore|iPhone.Build.0 = Release|Any CPU
		{6BAA20CC-C335-4B35-B488-98089AEF96CB}.AppStore|iPhoneSimulator.ActiveCfg = Release|Any CPU
		{6BAA20CC-C335-4B35-B488-98089AEF96CB}.AppStore|iPhoneSimulator.Build.0 = Release|Any CPU
		{6BAA20CC-C335-4B35-B488-98089AEF96CB}.Debug|Any CPU.ActiveCfg = Debug|Any CPU
		{6BAA20CC-C335-4B35-B488-98089AEF96CB}.Debug|Any CPU.Build.0 = Debug|Any CPU
		{6BAA20CC-C335-4B35-B488-98089AEF96CB}.Debug|iPhone.ActiveCfg = Debug|Any CPU
		{6BAA20CC-C335-4B35-B488-98089AEF96CB}.Debug|iPhone.Build.0 = Debug|Any CPU
		{6BAA20CC-C335-4B35-B488-98089AEF96CB}.Debug|iPhoneSimulator.ActiveCfg = Debug|Any CPU
		{6BAA20CC-C335-4B35-B488-98089AEF96CB}.Debug|iPhoneSimulator.Build.0 = Debug|Any CPU
		{6BAA20CC-C335-4B35-B488-98089AEF96CB}.Release|Any CPU.ActiveCfg = Release|Any CPU
		{6BAA20CC-C335-4B35-B488-98089AEF96CB}.Release|Any CPU.Build.0 = Release|Any CPU
		{6BAA20CC-C335-4B35-B488-98089AEF96CB}.Release|iPhone.ActiveCfg = Release|Any CPU
		{6BAA20CC-C335-4B35-B488-98089AEF96CB}.Release|iPhone.Build.0 = Release|Any CPU
		{6BAA20CC-C335-4B35-B488-98089AEF96CB}.Release|iPhoneSimulator.ActiveCfg = Release|Any CPU
		{6BAA20CC-C335-4B35-B488-98089AEF96CB}.Release|iPhoneSimulator.Build.0 = Release|Any CPU
		{C6CAB737-9F2B-47AA-A79C-CA0FB32CF8F4}.Ad-Hoc|Any CPU.ActiveCfg = Release|Any CPU
		{C6CAB737-9F2B-47AA-A79C-CA0FB32CF8F4}.Ad-Hoc|Any CPU.Build.0 = Release|Any CPU
		{C6CAB737-9F2B-47AA-A79C-CA0FB32CF8F4}.Ad-Hoc|iPhone.ActiveCfg = Release|Any CPU
		{C6CAB737-9F2B-47AA-A79C-CA0FB32CF8F4}.Ad-Hoc|iPhone.Build.0 = Release|Any CPU
		{C6CAB737-9F2B-47AA-A79C-CA0FB32CF8F4}.Ad-Hoc|iPhoneSimulator.ActiveCfg = Release|Any CPU
		{C6CAB737-9F2B-47AA-A79C-CA0FB32CF8F4}.Ad-Hoc|iPhoneSimulator.Build.0 = Release|Any CPU
		{C6CAB737-9F2B-47AA-A79C-CA0FB32CF8F4}.AppStore|Any CPU.ActiveCfg = Release|Any CPU
		{C6CAB737-9F2B-47AA-A79C-CA0FB32CF8F4}.AppStore|Any CPU.Build.0 = Release|Any CPU
		{C6CAB737-9F2B-47AA-A79C-CA0FB32CF8F4}.AppStore|iPhone.ActiveCfg = Release|Any CPU
		{C6CAB737-9F2B-47AA-A79C-CA0FB32CF8F4}.AppStore|iPhone.Build.0 = Release|Any CPU
		{C6CAB737-9F2B-47AA-A79C-CA0FB32CF8F4}.AppStore|iPhoneSimulator.ActiveCfg = Release|Any CPU
		{C6CAB737-9F2B-47AA-A79C-CA0FB32CF8F4}.AppStore|iPhoneSimulator.Build.0 = Release|Any CPU
		{C6CAB737-9F2B-47AA-A79C-CA0FB32CF8F4}.Debug|Any CPU.ActiveCfg = Debug|Any CPU
		{C6CAB737-9F2B-47AA-A79C-CA0FB32CF8F4}.Debug|Any CPU.Build.0 = Debug|Any CPU
		{C6CAB737-9F2B-47AA-A79C-CA0FB32CF8F4}.Debug|iPhone.ActiveCfg = Debug|Any CPU
		{C6CAB737-9F2B-47AA-A79C-CA0FB32CF8F4}.Debug|iPhone.Build.0 = Debug|Any CPU
		{C6CAB737-9F2B-47AA-A79C-CA0FB32CF8F4}.Debug|iPhoneSimulator.ActiveCfg = Debug|Any CPU
		{C6CAB737-9F2B-47AA-A79C-CA0FB32CF8F4}.Debug|iPhoneSimulator.Build.0 = Debug|Any CPU
		{C6CAB737-9F2B-47AA-A79C-CA0FB32CF8F4}.Release|Any CPU.ActiveCfg = Release|Any CPU
		{C6CAB737-9F2B-47AA-A79C-CA0FB32CF8F4}.Release|Any CPU.Build.0 = Release|Any CPU
		{C6CAB737-9F2B-47AA-A79C-CA0FB32CF8F4}.Release|iPhone.ActiveCfg = Release|Any CPU
		{C6CAB737-9F2B-47AA-A79C-CA0FB32CF8F4}.Release|iPhone.Build.0 = Release|Any CPU
		{C6CAB737-9F2B-47AA-A79C-CA0FB32CF8F4}.Release|iPhoneSimulator.ActiveCfg = Release|Any CPU
		{C6CAB737-9F2B-47AA-A79C-CA0FB32CF8F4}.Release|iPhoneSimulator.Build.0 = Release|Any CPU
		{06B47BF3-F92A-480F-BA43-FCCE8AE0C82B}.Ad-Hoc|Any CPU.ActiveCfg = Debug|Any CPU
		{06B47BF3-F92A-480F-BA43-FCCE8AE0C82B}.Ad-Hoc|Any CPU.Build.0 = Debug|Any CPU
		{06B47BF3-F92A-480F-BA43-FCCE8AE0C82B}.Ad-Hoc|Any CPU.Deploy.0 = Debug|Any CPU
		{06B47BF3-F92A-480F-BA43-FCCE8AE0C82B}.Ad-Hoc|iPhone.ActiveCfg = Debug|Any CPU
		{06B47BF3-F92A-480F-BA43-FCCE8AE0C82B}.Ad-Hoc|iPhone.Build.0 = Debug|Any CPU
		{06B47BF3-F92A-480F-BA43-FCCE8AE0C82B}.Ad-Hoc|iPhone.Deploy.0 = Debug|Any CPU
		{06B47BF3-F92A-480F-BA43-FCCE8AE0C82B}.Ad-Hoc|iPhoneSimulator.ActiveCfg = Debug|Any CPU
		{06B47BF3-F92A-480F-BA43-FCCE8AE0C82B}.Ad-Hoc|iPhoneSimulator.Build.0 = Debug|Any CPU
		{06B47BF3-F92A-480F-BA43-FCCE8AE0C82B}.Ad-Hoc|iPhoneSimulator.Deploy.0 = Debug|Any CPU
		{06B47BF3-F92A-480F-BA43-FCCE8AE0C82B}.AppStore|Any CPU.ActiveCfg = Debug|Any CPU
		{06B47BF3-F92A-480F-BA43-FCCE8AE0C82B}.AppStore|Any CPU.Build.0 = Debug|Any CPU
		{06B47BF3-F92A-480F-BA43-FCCE8AE0C82B}.AppStore|Any CPU.Deploy.0 = Debug|Any CPU
		{06B47BF3-F92A-480F-BA43-FCCE8AE0C82B}.AppStore|iPhone.ActiveCfg = Debug|Any CPU
		{06B47BF3-F92A-480F-BA43-FCCE8AE0C82B}.AppStore|iPhone.Build.0 = Debug|Any CPU
		{06B47BF3-F92A-480F-BA43-FCCE8AE0C82B}.AppStore|iPhone.Deploy.0 = Debug|Any CPU
		{06B47BF3-F92A-480F-BA43-FCCE8AE0C82B}.AppStore|iPhoneSimulator.ActiveCfg = Debug|Any CPU
		{06B47BF3-F92A-480F-BA43-FCCE8AE0C82B}.AppStore|iPhoneSimulator.Build.0 = Debug|Any CPU
		{06B47BF3-F92A-480F-BA43-FCCE8AE0C82B}.AppStore|iPhoneSimulator.Deploy.0 = Debug|Any CPU
		{06B47BF3-F92A-480F-BA43-FCCE8AE0C82B}.Debug|Any CPU.ActiveCfg = Debug|Any CPU
		{06B47BF3-F92A-480F-BA43-FCCE8AE0C82B}.Debug|Any CPU.Build.0 = Debug|Any CPU
		{06B47BF3-F92A-480F-BA43-FCCE8AE0C82B}.Debug|Any CPU.Deploy.0 = Debug|Any CPU
		{06B47BF3-F92A-480F-BA43-FCCE8AE0C82B}.Debug|iPhone.ActiveCfg = Debug|Any CPU
		{06B47BF3-F92A-480F-BA43-FCCE8AE0C82B}.Debug|iPhone.Build.0 = Debug|Any CPU
		{06B47BF3-F92A-480F-BA43-FCCE8AE0C82B}.Debug|iPhone.Deploy.0 = Debug|Any CPU
		{06B47BF3-F92A-480F-BA43-FCCE8AE0C82B}.Debug|iPhoneSimulator.ActiveCfg = Debug|Any CPU
		{06B47BF3-F92A-480F-BA43-FCCE8AE0C82B}.Debug|iPhoneSimulator.Build.0 = Debug|Any CPU
		{06B47BF3-F92A-480F-BA43-FCCE8AE0C82B}.Debug|iPhoneSimulator.Deploy.0 = Debug|Any CPU
		{06B47BF3-F92A-480F-BA43-FCCE8AE0C82B}.Release|Any CPU.ActiveCfg = Release|Any CPU
		{06B47BF3-F92A-480F-BA43-FCCE8AE0C82B}.Release|Any CPU.Build.0 = Release|Any CPU
		{06B47BF3-F92A-480F-BA43-FCCE8AE0C82B}.Release|Any CPU.Deploy.0 = Release|Any CPU
		{06B47BF3-F92A-480F-BA43-FCCE8AE0C82B}.Release|iPhone.ActiveCfg = Release|Any CPU
		{06B47BF3-F92A-480F-BA43-FCCE8AE0C82B}.Release|iPhone.Build.0 = Release|Any CPU
		{06B47BF3-F92A-480F-BA43-FCCE8AE0C82B}.Release|iPhone.Deploy.0 = Release|Any CPU
		{06B47BF3-F92A-480F-BA43-FCCE8AE0C82B}.Release|iPhoneSimulator.ActiveCfg = Release|Any CPU
		{06B47BF3-F92A-480F-BA43-FCCE8AE0C82B}.Release|iPhoneSimulator.Build.0 = Release|Any CPU
		{06B47BF3-F92A-480F-BA43-FCCE8AE0C82B}.Release|iPhoneSimulator.Deploy.0 = Release|Any CPU
		{5D119EDC-7FD2-4EC9-903C-19AB7676DEC8}.Ad-Hoc|Any CPU.ActiveCfg = Debug|iPhoneSimulator
		{5D119EDC-7FD2-4EC9-903C-19AB7676DEC8}.Ad-Hoc|Any CPU.Build.0 = Debug|iPhoneSimulator
		{5D119EDC-7FD2-4EC9-903C-19AB7676DEC8}.Ad-Hoc|iPhone.ActiveCfg = Debug|iPhone
		{5D119EDC-7FD2-4EC9-903C-19AB7676DEC8}.Ad-Hoc|iPhone.Build.0 = Debug|iPhone
		{5D119EDC-7FD2-4EC9-903C-19AB7676DEC8}.Ad-Hoc|iPhoneSimulator.ActiveCfg = Debug|iPhoneSimulator
		{5D119EDC-7FD2-4EC9-903C-19AB7676DEC8}.Ad-Hoc|iPhoneSimulator.Build.0 = Debug|iPhoneSimulator
		{5D119EDC-7FD2-4EC9-903C-19AB7676DEC8}.AppStore|Any CPU.ActiveCfg = Debug|iPhoneSimulator
		{5D119EDC-7FD2-4EC9-903C-19AB7676DEC8}.AppStore|Any CPU.Build.0 = Debug|iPhoneSimulator
		{5D119EDC-7FD2-4EC9-903C-19AB7676DEC8}.AppStore|iPhone.ActiveCfg = Debug|iPhone
		{5D119EDC-7FD2-4EC9-903C-19AB7676DEC8}.AppStore|iPhone.Build.0 = Debug|iPhone
		{5D119EDC-7FD2-4EC9-903C-19AB7676DEC8}.AppStore|iPhoneSimulator.ActiveCfg = Debug|iPhoneSimulator
		{5D119EDC-7FD2-4EC9-903C-19AB7676DEC8}.AppStore|iPhoneSimulator.Build.0 = Debug|iPhoneSimulator
		{5D119EDC-7FD2-4EC9-903C-19AB7676DEC8}.Debug|Any CPU.ActiveCfg = Debug|iPhoneSimulator
		{5D119EDC-7FD2-4EC9-903C-19AB7676DEC8}.Debug|iPhone.ActiveCfg = Debug|iPhone
		{5D119EDC-7FD2-4EC9-903C-19AB7676DEC8}.Debug|iPhone.Build.0 = Debug|iPhone
		{5D119EDC-7FD2-4EC9-903C-19AB7676DEC8}.Debug|iPhoneSimulator.ActiveCfg = Debug|iPhoneSimulator
		{5D119EDC-7FD2-4EC9-903C-19AB7676DEC8}.Debug|iPhoneSimulator.Build.0 = Debug|iPhoneSimulator
		{5D119EDC-7FD2-4EC9-903C-19AB7676DEC8}.Release|Any CPU.ActiveCfg = Release|iPhoneSimulator
		{5D119EDC-7FD2-4EC9-903C-19AB7676DEC8}.Release|iPhone.ActiveCfg = Release|iPhone
		{5D119EDC-7FD2-4EC9-903C-19AB7676DEC8}.Release|iPhone.Build.0 = Release|iPhone
		{5D119EDC-7FD2-4EC9-903C-19AB7676DEC8}.Release|iPhoneSimulator.ActiveCfg = Release|iPhoneSimulator
		{5D119EDC-7FD2-4EC9-903C-19AB7676DEC8}.Release|iPhoneSimulator.Build.0 = Release|iPhoneSimulator
		{2FEDB08D-181D-4C27-BC53-2A2CBD48D641}.Ad-Hoc|Any CPU.ActiveCfg = Debug|Any CPU
		{2FEDB08D-181D-4C27-BC53-2A2CBD48D641}.Ad-Hoc|Any CPU.Build.0 = Debug|Any CPU
		{2FEDB08D-181D-4C27-BC53-2A2CBD48D641}.Ad-Hoc|iPhone.ActiveCfg = Debug|Any CPU
		{2FEDB08D-181D-4C27-BC53-2A2CBD48D641}.Ad-Hoc|iPhone.Build.0 = Debug|Any CPU
		{2FEDB08D-181D-4C27-BC53-2A2CBD48D641}.Ad-Hoc|iPhoneSimulator.ActiveCfg = Debug|Any CPU
		{2FEDB08D-181D-4C27-BC53-2A2CBD48D641}.Ad-Hoc|iPhoneSimulator.Build.0 = Debug|Any CPU
		{2FEDB08D-181D-4C27-BC53-2A2CBD48D641}.AppStore|Any CPU.ActiveCfg = Debug|Any CPU
		{2FEDB08D-181D-4C27-BC53-2A2CBD48D641}.AppStore|Any CPU.Build.0 = Debug|Any CPU
		{2FEDB08D-181D-4C27-BC53-2A2CBD48D641}.AppStore|iPhone.ActiveCfg = Debug|Any CPU
		{2FEDB08D-181D-4C27-BC53-2A2CBD48D641}.AppStore|iPhone.Build.0 = Debug|Any CPU
		{2FEDB08D-181D-4C27-BC53-2A2CBD48D641}.AppStore|iPhoneSimulator.ActiveCfg = Debug|Any CPU
		{2FEDB08D-181D-4C27-BC53-2A2CBD48D641}.AppStore|iPhoneSimulator.Build.0 = Debug|Any CPU
		{2FEDB08D-181D-4C27-BC53-2A2CBD48D641}.Debug|Any CPU.ActiveCfg = Debug|Any CPU
		{2FEDB08D-181D-4C27-BC53-2A2CBD48D641}.Debug|Any CPU.Build.0 = Debug|Any CPU
		{2FEDB08D-181D-4C27-BC53-2A2CBD48D641}.Debug|iPhone.ActiveCfg = Debug|Any CPU
		{2FEDB08D-181D-4C27-BC53-2A2CBD48D641}.Debug|iPhone.Build.0 = Debug|Any CPU
		{2FEDB08D-181D-4C27-BC53-2A2CBD48D641}.Debug|iPhoneSimulator.ActiveCfg = Debug|Any CPU
		{2FEDB08D-181D-4C27-BC53-2A2CBD48D641}.Debug|iPhoneSimulator.Build.0 = Debug|Any CPU
		{2FEDB08D-181D-4C27-BC53-2A2CBD48D641}.Release|Any CPU.ActiveCfg = Release|Any CPU
		{2FEDB08D-181D-4C27-BC53-2A2CBD48D641}.Release|Any CPU.Build.0 = Release|Any CPU
		{2FEDB08D-181D-4C27-BC53-2A2CBD48D641}.Release|iPhone.ActiveCfg = Release|Any CPU
		{2FEDB08D-181D-4C27-BC53-2A2CBD48D641}.Release|iPhone.Build.0 = Release|Any CPU
		{2FEDB08D-181D-4C27-BC53-2A2CBD48D641}.Release|iPhoneSimulator.ActiveCfg = Release|Any CPU
		{2FEDB08D-181D-4C27-BC53-2A2CBD48D641}.Release|iPhoneSimulator.Build.0 = Release|Any CPU
		{5B6250DD-8BBB-4BA3-AF01-A445A1819561}.Ad-Hoc|Any CPU.ActiveCfg = Debug|Any CPU
		{5B6250DD-8BBB-4BA3-AF01-A445A1819561}.Ad-Hoc|Any CPU.Build.0 = Debug|Any CPU
		{5B6250DD-8BBB-4BA3-AF01-A445A1819561}.Ad-Hoc|iPhone.ActiveCfg = Debug|Any CPU
		{5B6250DD-8BBB-4BA3-AF01-A445A1819561}.Ad-Hoc|iPhone.Build.0 = Debug|Any CPU
		{5B6250DD-8BBB-4BA3-AF01-A445A1819561}.Ad-Hoc|iPhoneSimulator.ActiveCfg = Debug|Any CPU
		{5B6250DD-8BBB-4BA3-AF01-A445A1819561}.Ad-Hoc|iPhoneSimulator.Build.0 = Debug|Any CPU
		{5B6250DD-8BBB-4BA3-AF01-A445A1819561}.AppStore|Any CPU.ActiveCfg = Debug|Any CPU
		{5B6250DD-8BBB-4BA3-AF01-A445A1819561}.AppStore|Any CPU.Build.0 = Debug|Any CPU
		{5B6250DD-8BBB-4BA3-AF01-A445A1819561}.AppStore|iPhone.ActiveCfg = Debug|Any CPU
		{5B6250DD-8BBB-4BA3-AF01-A445A1819561}.AppStore|iPhone.Build.0 = Debug|Any CPU
		{5B6250DD-8BBB-4BA3-AF01-A445A1819561}.AppStore|iPhoneSimulator.ActiveCfg = Debug|Any CPU
		{5B6250DD-8BBB-4BA3-AF01-A445A1819561}.AppStore|iPhoneSimulator.Build.0 = Debug|Any CPU
		{5B6250DD-8BBB-4BA3-AF01-A445A1819561}.Debug|Any CPU.ActiveCfg = Debug|Any CPU
		{5B6250DD-8BBB-4BA3-AF01-A445A1819561}.Debug|Any CPU.Build.0 = Debug|Any CPU
		{5B6250DD-8BBB-4BA3-AF01-A445A1819561}.Debug|iPhone.ActiveCfg = Debug|Any CPU
		{5B6250DD-8BBB-4BA3-AF01-A445A1819561}.Debug|iPhone.Build.0 = Debug|Any CPU
		{5B6250DD-8BBB-4BA3-AF01-A445A1819561}.Debug|iPhoneSimulator.ActiveCfg = Debug|Any CPU
		{5B6250DD-8BBB-4BA3-AF01-A445A1819561}.Debug|iPhoneSimulator.Build.0 = Debug|Any CPU
		{5B6250DD-8BBB-4BA3-AF01-A445A1819561}.Release|Any CPU.ActiveCfg = Release|Any CPU
		{5B6250DD-8BBB-4BA3-AF01-A445A1819561}.Release|Any CPU.Build.0 = Release|Any CPU
		{5B6250DD-8BBB-4BA3-AF01-A445A1819561}.Release|iPhone.ActiveCfg = Release|Any CPU
		{5B6250DD-8BBB-4BA3-AF01-A445A1819561}.Release|iPhone.Build.0 = Release|Any CPU
		{5B6250DD-8BBB-4BA3-AF01-A445A1819561}.Release|iPhoneSimulator.ActiveCfg = Release|Any CPU
		{5B6250DD-8BBB-4BA3-AF01-A445A1819561}.Release|iPhoneSimulator.Build.0 = Release|Any CPU
	EndGlobalSection
	GlobalSection(SolutionProperties) = preSolution
		HideSolutionNode = FALSE
	EndGlobalSection
	GlobalSection(NestedProjects) = preSolution
		{06B47BF3-F92A-480F-BA43-FCCE8AE0C82B} = {6B48D859-90D9-43BE-91B7-1405E0A4C02D}
		{5D119EDC-7FD2-4EC9-903C-19AB7676DEC8} = {6B48D859-90D9-43BE-91B7-1405E0A4C02D}
		{2FEDB08D-181D-4C27-BC53-2A2CBD48D641} = {6B48D859-90D9-43BE-91B7-1405E0A4C02D}
	EndGlobalSection
	GlobalSection(ExtensibilityGlobals) = postSolution
		SolutionGuid = {E754D33B-BBD2-46AD-B0AE-A07E24969E7B}
	EndGlobalSection
EndGlobal
